
Microsoft Visual Studio Solution File, Format Version 12.00
# Visual Studio Version 16
VisualStudioVersion = 16.0.29424.173
MinimumVisualStudioVersion = 10.0.40219.1
Project("{FAE04EC0-301F-11D3-BF4B-00C04F79EFBC}") = "MyCloudStore.Client", "MyCloudStore.Client\MyCloudStore.Client.csproj", "{B3D396A0-B496-49C0-8738-8BFD305EBDDE}"
EndProject
Global
	GlobalSection(SolutionConfigurationPlatforms) = preSolution
		Debug|Any CPU = Debug|Any CPU
		Release|Any CPU = Release|Any CPU
	EndGlobalSection
	GlobalSection(ProjectConfigurationPlatforms) = postSolution
		{B3D396A0-B496-49C0-8738-8BFD305EBDDE}.Debug|Any CPU.ActiveCfg = Debug|Any CPU
		{B3D396A0-B496-49C0-8738-8BFD305EBDDE}.Debug|Any CPU.Build.0 = Debug|Any CPU
		{B3D396A0-B496-49C0-8738-8BFD305EBDDE}.Release|Any CPU.ActiveCfg = Release|Any CPU
		{B3D396A0-B496-49C0-8738-8BFD305EBDDE}.Release|Any CPU.Build.0 = Release|Any CPU
	EndGlobalSection
	GlobalSection(SolutionProperties) = preSolution
		HideSolutionNode = FALSE
	EndGlobalSection
	GlobalSection(ExtensibilityGlobals) = postSolution
		SolutionGuid = {1A5EC6F7-7DD6-4306-ACC4-535ADDA280A6}
	EndGlobalSection
EndGlobal
